
Microsoft Visual Studio Solution File, Format Version 12.00
# Visual Studio Version 17
VisualStudioVersion = 17.0.31903.59
MinimumVisualStudioVersion = 10.0.40219.1
Project("{FAE04EC0-301F-11D3-BF4B-00C04F79EFBC}") = "ProjectZ", "ProjectZ\ProjectZ.csproj", "{A81BCBAE-A58E-4818-BEA6-DB8560D68AC4}"
EndProject
Global
	GlobalSection(SolutionConfigurationPlatforms) = preSolution
		Debug|Any CPU = Debug|Any CPU
		Release|Any CPU = Release|Any CPU
	EndGlobalSection
	GlobalSection(ProjectConfigurationPlatforms) = postSolution
		{A81BCBAE-A58E-4818-BEA6-DB8560D68AC4}.Debug|Any CPU.ActiveCfg = Debug|Any CPU
		{A81BCBAE-A58E-4818-BEA6-DB8560D68AC4}.Debug|Any CPU.Build.0 = Debug|Any CPU
		{A81BCBAE-A58E-4818-BEA6-DB8560D68AC4}.Release|Any CPU.ActiveCfg = Release|Any CPU
		{A81BCBAE-A58E-4818-BEA6-DB8560D68AC4}.Release|Any CPU.Build.0 = Release|Any CPU
	EndGlobalSection
	GlobalSection(SolutionProperties) = preSolution
		HideSolutionNode = FALSE
	EndGlobalSection
	GlobalSection(ExtensibilityGlobals) = postSolution
		SolutionGuid = {A19B99B5-A4E5-4064-8FFD-3E175F9B90AA}
	EndGlobalSection
EndGlobal
